
Microsoft Visual Studio Solution File, Format Version 12.00
# Visual Studio Version 16
VisualStudioVersion = 16.0.32126.315
MinimumVisualStudioVersion = 10.0.40219.1
Project("{FAE04EC0-301F-11D3-BF4B-00C04F79EFBC}") = "SampleConnector", "SampleConnector.csproj", "{5743A62A-1198-474D-BB6B-1832A5238200}"
EndProject
Project("{FAE04EC0-301F-11D3-BF4B-00C04F79EFBC}") = "SampleConnectorUnitTests", "..\test\SampleConnectorUnitTests\SampleConnectorUnitTests.csproj", "{E3F22FAA-89E6-4339-A583-7DF76D42BDA0}"
EndProject
Global
	GlobalSection(SolutionConfigurationPlatforms) = preSolution
		Debug|x64 = Debug|x64
		Release|x64 = Release|x64
	EndGlobalSection
	GlobalSection(ProjectConfigurationPlatforms) = postSolution
		{5743A62A-1198-474D-BB6B-1832A5238200}.Debug|x64.ActiveCfg = Debug|x64
		{5743A62A-1198-474D-BB6B-1832A5238200}.Debug|x64.Build.0 = Debug|x64
		{5743A62A-1198-474D-BB6B-1832A5238200}.Release|x64.ActiveCfg = Release|x64
		{5743A62A-1198-474D-BB6B-1832A5238200}.Release|x64.Build.0 = Release|x64
		{E3F22FAA-89E6-4339-A583-7DF76D42BDA0}.Debug|x64.ActiveCfg = Debug|x64
		{E3F22FAA-89E6-4339-A583-7DF76D42BDA0}.Debug|x64.Build.0 = Debug|x64
		{E3F22FAA-89E6-4339-A583-7DF76D42BDA0}.Release|x64.ActiveCfg = Release|x64
		{E3F22FAA-89E6-4339-A583-7DF76D42BDA0}.Release|x64.Build.0 = Release|x64
	EndGlobalSection
	GlobalSection(SolutionProperties) = preSolution
		HideSolutionNode = FALSE
	EndGlobalSection
	GlobalSection(ExtensibilityGlobals) = postSolution
		SolutionGuid = {64FFE4C0-6AF4-4EEB-9910-A6FAA52072E5}
	EndGlobalSection
EndGlobal
